
Microsoft Visual Studio Solution File, Format Version 12.00
# Visual Studio Version 16
VisualStudioVersion = 16.0.30717.126
MinimumVisualStudioVersion = 10.0.40219.1
Project("{FAE04EC0-301F-11D3-BF4B-00C04F79EFBC}") = "Stopwatch", "Stopwatch\Stopwatch.csproj", "{B0EED26D-7C73-41BD-B60F-2A23698CF4FE}"
EndProject
Global
	GlobalSection(SolutionConfigurationPlatforms) = preSolution
		Debug|Any CPU = Debug|Any CPU
		Release|Any CPU = Release|Any CPU
	EndGlobalSection
	GlobalSection(ProjectConfigurationPlatforms) = postSolution
		{B0EED26D-7C73-41BD-B60F-2A23698CF4FE}.Debug|Any CPU.ActiveCfg = Debug|Any CPU
		{B0EED26D-7C73-41BD-B60F-2A23698CF4FE}.Debug|Any CPU.Build.0 = Debug|Any CPU
		{B0EED26D-7C73-41BD-B60F-2A23698CF4FE}.Release|Any CPU.ActiveCfg = Release|Any CPU
		{B0EED26D-7C73-41BD-B60F-2A23698CF4FE}.Release|Any CPU.Build.0 = Release|Any CPU
	EndGlobalSection
	GlobalSection(SolutionProperties) = preSolution
		HideSolutionNode = FALSE
	EndGlobalSection
	GlobalSection(ExtensibilityGlobals) = postSolution
		SolutionGuid = {C484AE84-601B-47A3-89B3-D3E7EDB6DF07}
	EndGlobalSection
EndGlobal
